
Microsoft Visual Studio Solution File, Format Version 12.00
# Visual Studio Version 16
VisualStudioVersion = 16.0.28721.148
MinimumVisualStudioVersion = 10.0.40219.1
Project("{9A19103F-16F7-4668-BE54-9A1E7A4F7556}") = "dvmod", "dvmod\dvmod.csproj", "{2A9E665A-6D6C-4FB1-A535-ABBA392DC1F8}"
EndProject
Project("{9A19103F-16F7-4668-BE54-9A1E7A4F7556}") = "libdvmod", "libdvmod\libdvmod.csproj", "{0B72F503-117E-4E91-BA35-967B31D8B040}"
EndProject
Project("{FAE04EC0-301F-11D3-BF4B-00C04F79EFBC}") = "BepInEx", "BepInEx\BepInEx\BepInEx\BepInEx.csproj", "{4FFBA620-F5ED-47F9-B90C-DAD1316FD9B9}"
EndProject
Project("{FAE04EC0-301F-11D3-BF4B-00C04F79EFBC}") = "BepInEx.Patcher", "BepInEx\BepInEx\BepInEx.Patcher\BepInEx.Patcher.csproj", "{DC89F18B-235B-4C01-AB31-AF40DCE5C4C7}"
	ProjectSection(ProjectDependencies) = postProject
		{4FFBA620-F5ED-47F9-B90C-DAD1316FD9B9} = {4FFBA620-F5ED-47F9-B90C-DAD1316FD9B9}
		{6E6BC1E5-5BE8-4566-B3AE-52C4CB218AEB} = {6E6BC1E5-5BE8-4566-B3AE-52C4CB218AEB}
	EndProjectSection
EndProject
Project("{FAE04EC0-301F-11D3-BF4B-00C04F79EFBC}") = "BepInEx.Bootstrap", "BepInEx\BepInEx\BepInEx.Bootstrap\BepInEx.Bootstrap.csproj", "{6E6BC1E5-5BE8-4566-B3AE-52C4CB218AEB}"
EndProject
Project("{2150E333-8FDC-42A3-9474-1A3956D46DE8}") = "Submodules", "Submodules", "{BAC58F7E-AAD8-4D0C-9490-9765ACBBA6FB}"
EndProject
Project("{FAE04EC0-301F-11D3-BF4B-00C04F79EFBC}") = "BepInEx.Harmony", "BepInEx\BepInEx\submodules\BepInEx.Harmony\BepInEx.Harmony\BepInEx.Harmony.csproj", "{54161CFE-FF42-4DDE-B161-3A49545DB5CD}"
EndProject
Project("{9A19103F-16F7-4668-BE54-9A1E7A4F7556}") = "Harmony", "BepInEx\BepInEx\submodules\BepInEx.Harmony\submodules\Harmony\Harmony\Harmony.csproj", "{A15D6EE6-F954-415B-8605-8A8470CC87DC}"
EndProject
Project("{2150E333-8FDC-42A3-9474-1A3956D46DE8}") = "Patcher", "Patcher", "{A9071994-3533-4C1B-89DC-D817B676AB41}"
EndProject
Project("{FAE04EC0-301F-11D3-BF4B-00C04F79EFBC}") = "BepInEx.Preloader", "BepInEx\BepInEx\BepInEx.Preloader\BepInEx.Preloader.csproj", "{F7ABBE07-C02F-4F7C-BF6E-C6656BF588CA}"
EndProject
Project("{2150E333-8FDC-42A3-9474-1A3956D46DE8}") = "BepInEx", "BepInEx", "{CEFC1819-160A-4AF1-90BD-2107023DEBB8}"
EndProject
Project("{FAE04EC0-301F-11D3-BF4B-00C04F79EFBC}") = "UMMLoader", "BepInEx\BepInEx.UMMLoader\UMMLoader\UMMLoader.csproj", "{B71775C4-14DC-4AB2-9C19-B9FBAD65AF1A}"
EndProject
Project("{8BC9CEB8-8B4A-11D0-8D11-00A0C91BC942}") = "dvmodnative", "dvmodnative\dvmodnative.vcxproj", "{7BB5BA5A-C50C-4BC4-AF04-18DDC501D232}"
EndProject
Global
	GlobalSection(SolutionConfigurationPlatforms) = preSolution
		Debug|Any CPU = Debug|Any CPU
		Debug|x64 = Debug|x64
		Debug|x86 = Debug|x86
		Legacy|Any CPU = Legacy|Any CPU
		Legacy|x64 = Legacy|x64
		Legacy|x86 = Legacy|x86
		Release|Any CPU = Release|Any CPU
		Release|x64 = Release|x64
		Release|x86 = Release|x86
		v2018|Any CPU = v2018|Any CPU
		v2018|x64 = v2018|x64
		v2018|x86 = v2018|x86
	EndGlobalSection
	GlobalSection(ProjectConfigurationPlatforms) = postSolution
		{2A9E665A-6D6C-4FB1-A535-ABBA392DC1F8}.Debug|Any CPU.ActiveCfg = Debug|Any CPU
		{2A9E665A-6D6C-4FB1-A535-ABBA392DC1F8}.Debug|Any CPU.Build.0 = Debug|Any CPU
		{2A9E665A-6D6C-4FB1-A535-ABBA392DC1F8}.Debug|x64.ActiveCfg = Debug|Any CPU
		{2A9E665A-6D6C-4FB1-A535-ABBA392DC1F8}.Debug|x64.Build.0 = Debug|Any CPU
		{2A9E665A-6D6C-4FB1-A535-ABBA392DC1F8}.Debug|x86.ActiveCfg = Debug|Any CPU
		{2A9E665A-6D6C-4FB1-A535-ABBA392DC1F8}.Debug|x86.Build.0 = Debug|Any CPU
		{2A9E665A-6D6C-4FB1-A535-ABBA392DC1F8}.Legacy|Any CPU.ActiveCfg = Release|Any CPU
		{2A9E665A-6D6C-4FB1-A535-ABBA392DC1F8}.Legacy|Any CPU.Build.0 = Release|Any CPU
		{2A9E665A-6D6C-4FB1-A535-ABBA392DC1F8}.Legacy|x64.ActiveCfg = Release|Any CPU
		{2A9E665A-6D6C-4FB1-A535-ABBA392DC1F8}.Legacy|x64.Build.0 = Release|Any CPU
		{2A9E665A-6D6C-4FB1-A535-ABBA392DC1F8}.Legacy|x86.ActiveCfg = Release|Any CPU
		{2A9E665A-6D6C-4FB1-A535-ABBA392DC1F8}.Legacy|x86.Build.0 = Release|Any CPU
		{2A9E665A-6D6C-4FB1-A535-ABBA392DC1F8}.Release|Any CPU.ActiveCfg = Release|Any CPU
		{2A9E665A-6D6C-4FB1-A535-ABBA392DC1F8}.Release|Any CPU.Build.0 = Release|Any CPU
		{2A9E665A-6D6C-4FB1-A535-ABBA392DC1F8}.Release|x64.ActiveCfg = Release|Any CPU
		{2A9E665A-6D6C-4FB1-A535-ABBA392DC1F8}.Release|x64.Build.0 = Release|Any CPU
		{2A9E665A-6D6C-4FB1-A535-ABBA392DC1F8}.Release|x86.ActiveCfg = Release|Any CPU
		{2A9E665A-6D6C-4FB1-A535-ABBA392DC1F8}.Release|x86.Build.0 = Release|Any CPU
		{2A9E665A-6D6C-4FB1-A535-ABBA392DC1F8}.v2018|Any CPU.ActiveCfg = Release|Any CPU
		{2A9E665A-6D6C-4FB1-A535-ABBA392DC1F8}.v2018|Any CPU.Build.0 = Release|Any CPU
		{2A9E665A-6D6C-4FB1-A535-ABBA392DC1F8}.v2018|x64.ActiveCfg = Release|Any CPU
		{2A9E665A-6D6C-4FB1-A535-ABBA392DC1F8}.v2018|x64.Build.0 = Release|Any CPU
		{2A9E665A-6D6C-4FB1-A535-ABBA392DC1F8}.v2018|x86.ActiveCfg = Release|Any CPU
		{2A9E665A-6D6C-4FB1-A535-ABBA392DC1F8}.v2018|x86.Build.0 = Release|Any CPU
		{0B72F503-117E-4E91-BA35-967B31D8B040}.Debug|Any CPU.ActiveCfg = Debug|Any CPU
		{0B72F503-117E-4E91-BA35-967B31D8B040}.Debug|Any CPU.Build.0 = Debug|Any CPU
		{0B72F503-117E-4E91-BA35-967B31D8B040}.Debug|x64.ActiveCfg = Debug|Any CPU
		{0B72F503-117E-4E91-BA35-967B31D8B040}.Debug|x64.Build.0 = Debug|Any CPU
		{0B72F503-117E-4E91-BA35-967B31D8B040}.Debug|x86.ActiveCfg = Debug|Any CPU
		{0B72F503-117E-4E91-BA35-967B31D8B040}.Debug|x86.Build.0 = Debug|Any CPU
		{0B72F503-117E-4E91-BA35-967B31D8B040}.Legacy|Any CPU.ActiveCfg = Release|Any CPU
		{0B72F503-117E-4E91-BA35-967B31D8B040}.Legacy|Any CPU.Build.0 = Release|Any CPU
		{0B72F503-117E-4E91-BA35-967B31D8B040}.Legacy|x64.ActiveCfg = Release|Any CPU
		{0B72F503-117E-4E91-BA35-967B31D8B040}.Legacy|x64.Build.0 = Release|Any CPU
		{0B72F503-117E-4E91-BA35-967B31D8B040}.Legacy|x86.ActiveCfg = Release|Any CPU
		{0B72F503-117E-4E91-BA35-967B31D8B040}.Legacy|x86.Build.0 = Release|Any CPU
		{0B72F503-117E-4E91-BA35-967B31D8B040}.Release|Any CPU.ActiveCfg = Release|Any CPU
		{0B72F503-117E-4E91-BA35-967B31D8B040}.Release|Any CPU.Build.0 = Release|Any CPU
		{0B72F503-117E-4E91-BA35-967B31D8B040}.Release|x64.ActiveCfg = Release|Any CPU
		{0B72F503-117E-4E91-BA35-967B31D8B040}.Release|x64.Build.0 = Release|Any CPU
		{0B72F503-117E-4E91-BA35-967B31D8B040}.Release|x86.ActiveCfg = Release|Any CPU
		{0B72F503-117E-4E91-BA35-967B31D8B040}.Release|x86.Build.0 = Release|Any CPU
		{0B72F503-117E-4E91-BA35-967B31D8B040}.v2018|Any CPU.ActiveCfg = Release|Any CPU
		{0B72F503-117E-4E91-BA35-967B31D8B040}.v2018|Any CPU.Build.0 = Release|Any CPU
		{0B72F503-117E-4E91-BA35-967B31D8B040}.v2018|x64.ActiveCfg = Release|Any CPU
		{0B72F503-117E-4E91-BA35-967B31D8B040}.v2018|x64.Build.0 = Release|Any CPU
		{0B72F503-117E-4E91-BA35-967B31D8B040}.v2018|x86.ActiveCfg = Release|Any CPU
		{0B72F503-117E-4E91-BA35-967B31D8B040}.v2018|x86.Build.0 = Release|Any CPU
		{4FFBA620-F5ED-47F9-B90C-DAD1316FD9B9}.Debug|Any CPU.ActiveCfg = v2018|Any CPU
		{4FFBA620-F5ED-47F9-B90C-DAD1316FD9B9}.Debug|Any CPU.Build.0 = v2018|Any CPU
		{4FFBA620-F5ED-47F9-B90C-DAD1316FD9B9}.Debug|x64.ActiveCfg = Legacy|Any CPU
		{4FFBA620-F5ED-47F9-B90C-DAD1316FD9B9}.Debug|x64.Build.0 = Legacy|Any CPU
		{4FFBA620-F5ED-47F9-B90C-DAD1316FD9B9}.Debug|x86.ActiveCfg = Legacy|Any CPU
		{4FFBA620-F5ED-47F9-B90C-DAD1316FD9B9}.Debug|x86.Build.0 = Legacy|Any CPU
		{4FFBA620-F5ED-47F9-B90C-DAD1316FD9B9}.Legacy|Any CPU.ActiveCfg = Legacy|Any CPU
		{4FFBA620-F5ED-47F9-B90C-DAD1316FD9B9}.Legacy|Any CPU.Build.0 = Legacy|Any CPU
		{4FFBA620-F5ED-47F9-B90C-DAD1316FD9B9}.Legacy|x64.ActiveCfg = Legacy|Any CPU
		{4FFBA620-F5ED-47F9-B90C-DAD1316FD9B9}.Legacy|x64.Build.0 = Legacy|Any CPU
		{4FFBA620-F5ED-47F9-B90C-DAD1316FD9B9}.Legacy|x86.ActiveCfg = Legacy|Any CPU
		{4FFBA620-F5ED-47F9-B90C-DAD1316FD9B9}.Legacy|x86.Build.0 = Legacy|Any CPU
		{4FFBA620-F5ED-47F9-B90C-DAD1316FD9B9}.Release|Any CPU.ActiveCfg = v2018|Any CPU
		{4FFBA620-F5ED-47F9-B90C-DAD1316FD9B9}.Release|Any CPU.Build.0 = v2018|Any CPU
		{4FFBA620-F5ED-47F9-B90C-DAD1316FD9B9}.Release|x64.ActiveCfg = Legacy|Any CPU
		{4FFBA620-F5ED-47F9-B90C-DAD1316FD9B9}.Release|x64.Build.0 = Legacy|Any CPU
		{4FFBA620-F5ED-47F9-B90C-DAD1316FD9B9}.Release|x86.ActiveCfg = Legacy|Any CPU
		{4FFBA620-F5ED-47F9-B90C-DAD1316FD9B9}.Release|x86.Build.0 = Legacy|Any CPU
		{4FFBA620-F5ED-47F9-B90C-DAD1316FD9B9}.v2018|Any CPU.ActiveCfg = v2018|Any CPU
		{4FFBA620-F5ED-47F9-B90C-DAD1316FD9B9}.v2018|Any CPU.Build.0 = v2018|Any CPU
		{4FFBA620-F5ED-47F9-B90C-DAD1316FD9B9}.v2018|x64.ActiveCfg = v2018|Any CPU
		{4FFBA620-F5ED-47F9-B90C-DAD1316FD9B9}.v2018|x64.Build.0 = v2018|Any CPU
		{4FFBA620-F5ED-47F9-B90C-DAD1316FD9B9}.v2018|x86.ActiveCfg = v2018|Any CPU
		{4FFBA620-F5ED-47F9-B90C-DAD1316FD9B9}.v2018|x86.Build.0 = v2018|Any CPU
		{DC89F18B-235B-4C01-AB31-AF40DCE5C4C7}.Debug|Any CPU.ActiveCfg = v2018|Any CPU
		{DC89F18B-235B-4C01-AB31-AF40DCE5C4C7}.Debug|Any CPU.Build.0 = v2018|Any CPU
		{DC89F18B-235B-4C01-AB31-AF40DCE5C4C7}.Debug|x64.ActiveCfg = Legacy|Any CPU
		{DC89F18B-235B-4C01-AB31-AF40DCE5C4C7}.Debug|x64.Build.0 = Legacy|Any CPU
		{DC89F18B-235B-4C01-AB31-AF40DCE5C4C7}.Debug|x86.ActiveCfg = Legacy|Any CPU
		{DC89F18B-235B-4C01-AB31-AF40DCE5C4C7}.Debug|x86.Build.0 = Legacy|Any CPU
		{DC89F18B-235B-4C01-AB31-AF40DCE5C4C7}.Legacy|Any CPU.ActiveCfg = Legacy|Any CPU
		{DC89F18B-235B-4C01-AB31-AF40DCE5C4C7}.Legacy|Any CPU.Build.0 = Legacy|Any CPU
		{DC89F18B-235B-4C01-AB31-AF40DCE5C4C7}.Legacy|x64.ActiveCfg = Legacy|Any CPU
		{DC89F18B-235B-4C01-AB31-AF40DCE5C4C7}.Legacy|x64.Build.0 = Legacy|Any CPU
		{DC89F18B-235B-4C01-AB31-AF40DCE5C4C7}.Legacy|x86.ActiveCfg = Legacy|Any CPU
		{DC89F18B-235B-4C01-AB31-AF40DCE5C4C7}.Legacy|x86.Build.0 = Legacy|Any CPU
		{DC89F18B-235B-4C01-AB31-AF40DCE5C4C7}.Release|Any CPU.ActiveCfg = v2018|Any CPU
		{DC89F18B-235B-4C01-AB31-AF40DCE5C4C7}.Release|Any CPU.Build.0 = v2018|Any CPU
		{DC89F18B-235B-4C01-AB31-AF40DCE5C4C7}.Release|x64.ActiveCfg = Legacy|Any CPU
		{DC89F18B-235B-4C01-AB31-AF40DCE5C4C7}.Release|x64.Build.0 = Legacy|Any CPU
		{DC89F18B-235B-4C01-AB31-AF40DCE5C4C7}.Release|x86.ActiveCfg = Legacy|Any CPU
		{DC89F18B-235B-4C01-AB31-AF40DCE5C4C7}.Release|x86.Build.0 = Legacy|Any CPU
		{DC89F18B-235B-4C01-AB31-AF40DCE5C4C7}.v2018|Any CPU.ActiveCfg = v2018|Any CPU
		{DC89F18B-235B-4C01-AB31-AF40DCE5C4C7}.v2018|Any CPU.Build.0 = v2018|Any CPU
		{DC89F18B-235B-4C01-AB31-AF40DCE5C4C7}.v2018|x64.ActiveCfg = v2018|Any CPU
		{DC89F18B-235B-4C01-AB31-AF40DCE5C4C7}.v2018|x64.Build.0 = v2018|Any CPU
		{DC89F18B-235B-4C01-AB31-AF40DCE5C4C7}.v2018|x86.ActiveCfg = v2018|Any CPU
		{DC89F18B-235B-4C01-AB31-AF40DCE5C4C7}.v2018|x86.Build.0 = v2018|Any CPU
		{6E6BC1E5-5BE8-4566-B3AE-52C4CB218AEB}.Debug|Any CPU.ActiveCfg = Release|Any CPU
		{6E6BC1E5-5BE8-4566-B3AE-52C4CB218AEB}.Debug|Any CPU.Build.0 = Release|Any CPU
		{6E6BC1E5-5BE8-4566-B3AE-52C4CB218AEB}.Debug|x64.ActiveCfg = Release|Any CPU
		{6E6BC1E5-5BE8-4566-B3AE-52C4CB218AEB}.Debug|x64.Build.0 = Release|Any CPU
		{6E6BC1E5-5BE8-4566-B3AE-52C4CB218AEB}.Debug|x86.ActiveCfg = Release|Any CPU
		{6E6BC1E5-5BE8-4566-B3AE-52C4CB218AEB}.Debug|x86.Build.0 = Release|Any CPU
		{6E6BC1E5-5BE8-4566-B3AE-52C4CB218AEB}.Legacy|Any CPU.ActiveCfg = Release|Any CPU
		{6E6BC1E5-5BE8-4566-B3AE-52C4CB218AEB}.Legacy|Any CPU.Build.0 = Release|Any CPU
		{6E6BC1E5-5BE8-4566-B3AE-52C4CB218AEB}.Legacy|x64.ActiveCfg = Release|Any CPU
		{6E6BC1E5-5BE8-4566-B3AE-52C4CB218AEB}.Legacy|x64.Build.0 = Release|Any CPU
		{6E6BC1E5-5BE8-4566-B3AE-52C4CB218AEB}.Legacy|x86.ActiveCfg = Release|Any CPU
		{6E6BC1E5-5BE8-4566-B3AE-52C4CB218AEB}.Legacy|x86.Build.0 = Release|Any CPU
		{6E6BC1E5-5BE8-4566-B3AE-52C4CB218AEB}.Release|Any CPU.ActiveCfg = Release|Any CPU
		{6E6BC1E5-5BE8-4566-B3AE-52C4CB218AEB}.Release|Any CPU.Build.0 = Release|Any CPU
		{6E6BC1E5-5BE8-4566-B3AE-52C4CB218AEB}.Release|x64.ActiveCfg = Release|Any CPU
		{6E6BC1E5-5BE8-4566-B3AE-52C4CB218AEB}.Release|x64.Build.0 = Release|Any CPU
		{6E6BC1E5-5BE8-4566-B3AE-52C4CB218AEB}.Release|x86.ActiveCfg = Release|Any CPU
		{6E6BC1E5-5BE8-4566-B3AE-52C4CB218AEB}.Release|x86.Build.0 = Release|Any CPU
		{6E6BC1E5-5BE8-4566-B3AE-52C4CB218AEB}.v2018|Any CPU.ActiveCfg = Release|Any CPU
		{6E6BC1E5-5BE8-4566-B3AE-52C4CB218AEB}.v2018|Any CPU.Build.0 = Release|Any CPU
		{6E6BC1E5-5BE8-4566-B3AE-52C4CB218AEB}.v2018|x64.ActiveCfg = Release|Any CPU
		{6E6BC1E5-5BE8-4566-B3AE-52C4CB218AEB}.v2018|x64.Build.0 = Release|Any CPU
		{6E6BC1E5-5BE8-4566-B3AE-52C4CB218AEB}.v2018|x86.ActiveCfg = Release|Any CPU
		{6E6BC1E5-5BE8-4566-B3AE-52C4CB218AEB}.v2018|x86.Build.0 = Release|Any CPU
		{54161CFE-FF42-4DDE-B161-3A49545DB5CD}.Debug|Any CPU.ActiveCfg = Release|Any CPU
		{54161CFE-FF42-4DDE-B161-3A49545DB5CD}.Debug|Any CPU.Build.0 = Release|Any CPU
		{54161CFE-FF42-4DDE-B161-3A49545DB5CD}.Debug|x64.ActiveCfg = Release|Any CPU
		{54161CFE-FF42-4DDE-B161-3A49545DB5CD}.Debug|x64.Build.0 = Release|Any CPU
		{54161CFE-FF42-4DDE-B161-3A49545DB5CD}.Debug|x86.ActiveCfg = Release|Any CPU
		{54161CFE-FF42-4DDE-B161-3A49545DB5CD}.Debug|x86.Build.0 = Release|Any CPU
		{54161CFE-FF42-4DDE-B161-3A49545DB5CD}.Legacy|Any CPU.ActiveCfg = Release|Any CPU
		{54161CFE-FF42-4DDE-B161-3A49545DB5CD}.Legacy|Any CPU.Build.0 = Release|Any CPU
		{54161CFE-FF42-4DDE-B161-3A49545DB5CD}.Legacy|x64.ActiveCfg = Release|Any CPU
		{54161CFE-FF42-4DDE-B161-3A49545DB5CD}.Legacy|x64.Build.0 = Release|Any CPU
		{54161CFE-FF42-4DDE-B161-3A49545DB5CD}.Legacy|x86.ActiveCfg = Release|Any CPU
		{54161CFE-FF42-4DDE-B161-3A49545DB5CD}.Legacy|x86.Build.0 = Release|Any CPU
		{54161CFE-FF42-4DDE-B161-3A49545DB5CD}.Release|Any CPU.ActiveCfg = Release|Any CPU
		{54161CFE-FF42-4DDE-B161-3A49545DB5CD}.Release|Any CPU.Build.0 = Release|Any CPU
		{54161CFE-FF42-4DDE-B161-3A49545DB5CD}.Release|x64.ActiveCfg = Release|Any CPU
		{54161CFE-FF42-4DDE-B161-3A49545DB5CD}.Release|x64.Build.0 = Release|Any CPU
		{54161CFE-FF42-4DDE-B161-3A49545DB5CD}.Release|x86.ActiveCfg = Release|Any CPU
		{54161CFE-FF42-4DDE-B161-3A49545DB5CD}.Release|x86.Build.0 = Release|Any CPU
		{54161CFE-FF42-4DDE-B161-3A49545DB5CD}.v2018|Any CPU.ActiveCfg = Release|Any CPU
		{54161CFE-FF42-4DDE-B161-3A49545DB5CD}.v2018|Any CPU.Build.0 = Release|Any CPU
		{54161CFE-FF42-4DDE-B161-3A49545DB5CD}.v2018|x64.ActiveCfg = Release|Any CPU
		{54161CFE-FF42-4DDE-B161-3A49545DB5CD}.v2018|x64.Build.0 = Release|Any CPU
		{54161CFE-FF42-4DDE-B161-3A49545DB5CD}.v2018|x86.ActiveCfg = Release|Any CPU
		{54161CFE-FF42-4DDE-B161-3A49545DB5CD}.v2018|x86.Build.0 = Release|Any CPU
		{A15D6EE6-F954-415B-8605-8A8470CC87DC}.Debug|Any CPU.ActiveCfg = Debug|Any CPU
		{A15D6EE6-F954-415B-8605-8A8470CC87DC}.Debug|Any CPU.Build.0 = Debug|Any CPU
		{A15D6EE6-F954-415B-8605-8A8470CC87DC}.Debug|x64.ActiveCfg = Debug|Any CPU
		{A15D6EE6-F954-415B-8605-8A8470CC87DC}.Debug|x64.Build.0 = Debug|Any CPU
		{A15D6EE6-F954-415B-8605-8A8470CC87DC}.Debug|x86.ActiveCfg = Debug|Any CPU
		{A15D6EE6-F954-415B-8605-8A8470CC87DC}.Debug|x86.Build.0 = Debug|Any CPU
		{A15D6EE6-F954-415B-8605-8A8470CC87DC}.Legacy|Any CPU.ActiveCfg = Release|Any CPU
		{A15D6EE6-F954-415B-8605-8A8470CC87DC}.Legacy|Any CPU.Build.0 = Release|Any CPU
		{A15D6EE6-F954-415B-8605-8A8470CC87DC}.Legacy|x64.ActiveCfg = Release|Any CPU
		{A15D6EE6-F954-415B-8605-8A8470CC87DC}.Legacy|x64.Build.0 = Release|Any CPU
		{A15D6EE6-F954-415B-8605-8A8470CC87DC}.Legacy|x86.ActiveCfg = Release|Any CPU
		{A15D6EE6-F954-415B-8605-8A8470CC87DC}.Legacy|x86.Build.0 = Release|Any CPU
		{A15D6EE6-F954-415B-8605-8A8470CC87DC}.Release|Any CPU.ActiveCfg = Release|Any CPU
		{A15D6EE6-F954-415B-8605-8A8470CC87DC}.Release|Any CPU.Build.0 = Release|Any CPU
		{A15D6EE6-F954-415B-8605-8A8470CC87DC}.Release|x64.ActiveCfg = Release|Any CPU
		{A15D6EE6-F954-415B-8605-8A8470CC87DC}.Release|x64.Build.0 = Release|Any CPU
		{A15D6EE6-F954-415B-8605-8A8470CC87DC}.Release|x86.ActiveCfg = Release|Any CPU
		{A15D6EE6-F954-415B-8605-8A8470CC87DC}.Release|x86.Build.0 = Release|Any CPU
		{A15D6EE6-F954-415B-8605-8A8470CC87DC}.v2018|Any CPU.ActiveCfg = Release|Any CPU
		{A15D6EE6-F954-415B-8605-8A8470CC87DC}.v2018|Any CPU.Build.0 = Release|Any CPU
		{A15D6EE6-F954-415B-8605-8A8470CC87DC}.v2018|x64.ActiveCfg = Release|Any CPU
		{A15D6EE6-F954-415B-8605-8A8470CC87DC}.v2018|x64.Build.0 = Release|Any CPU
		{A15D6EE6-F954-415B-8605-8A8470CC87DC}.v2018|x86.ActiveCfg = Release|Any CPU
		{A15D6EE6-F954-415B-8605-8A8470CC87DC}.v2018|x86.Build.0 = Release|Any CPU
		{F7ABBE07-C02F-4F7C-BF6E-C6656BF588CA}.Debug|Any CPU.ActiveCfg = v2018|Any CPU
		{F7ABBE07-C02F-4F7C-BF6E-C6656BF588CA}.Debug|Any CPU.Build.0 = v2018|Any CPU
		{F7ABBE07-C02F-4F7C-BF6E-C6656BF588CA}.Debug|x64.ActiveCfg = Legacy|Any CPU
		{F7ABBE07-C02F-4F7C-BF6E-C6656BF588CA}.Debug|x64.Build.0 = Legacy|Any CPU
		{F7ABBE07-C02F-4F7C-BF6E-C6656BF588CA}.Debug|x86.ActiveCfg = Legacy|Any CPU
		{F7ABBE07-C02F-4F7C-BF6E-C6656BF588CA}.Debug|x86.Build.0 = Legacy|Any CPU
		{F7ABBE07-C02F-4F7C-BF6E-C6656BF588CA}.Legacy|Any CPU.ActiveCfg = Legacy|Any CPU
		{F7ABBE07-C02F-4F7C-BF6E-C6656BF588CA}.Legacy|Any CPU.Build.0 = Legacy|Any CPU
		{F7ABBE07-C02F-4F7C-BF6E-C6656BF588CA}.Legacy|x64.ActiveCfg = Legacy|Any CPU
		{F7ABBE07-C02F-4F7C-BF6E-C6656BF588CA}.Legacy|x64.Build.0 = Legacy|Any CPU
		{F7ABBE07-C02F-4F7C-BF6E-C6656BF588CA}.Legacy|x86.ActiveCfg = Legacy|Any CPU
		{F7ABBE07-C02F-4F7C-BF6E-C6656BF588CA}.Legacy|x86.Build.0 = Legacy|Any CPU
		{F7ABBE07-C02F-4F7C-BF6E-C6656BF588CA}.Release|Any CPU.ActiveCfg = v2018|Any CPU
		{F7ABBE07-C02F-4F7C-BF6E-C6656BF588CA}.Release|Any CPU.Build.0 = v2018|Any CPU
		{F7ABBE07-C02F-4F7C-BF6E-C6656BF588CA}.Release|x64.ActiveCfg = Legacy|Any CPU
		{F7ABBE07-C02F-4F7C-BF6E-C6656BF588CA}.Release|x64.Build.0 = Legacy|Any CPU
		{F7ABBE07-C02F-4F7C-BF6E-C6656BF588CA}.Release|x86.ActiveCfg = Legacy|Any CPU
		{F7ABBE07-C02F-4F7C-BF6E-C6656BF588CA}.Release|x86.Build.0 = Legacy|Any CPU
		{F7ABBE07-C02F-4F7C-BF6E-C6656BF588CA}.v2018|Any CPU.ActiveCfg = v2018|Any CPU
		{F7ABBE07-C02F-4F7C-BF6E-C6656BF588CA}.v2018|Any CPU.Build.0 = v2018|Any CPU
		{F7ABBE07-C02F-4F7C-BF6E-C6656BF588CA}.v2018|x64.ActiveCfg = v2018|Any CPU
		{F7ABBE07-C02F-4F7C-BF6E-C6656BF588CA}.v2018|x64.Build.0 = v2018|Any CPU
		{F7ABBE07-C02F-4F7C-BF6E-C6656BF588CA}.v2018|x86.ActiveCfg = v2018|Any CPU
		{F7ABBE07-C02F-4F7C-BF6E-C6656BF588CA}.v2018|x86.Build.0 = v2018|Any CPU
		{B71775C4-14DC-4AB2-9C19-B9FBAD65AF1A}.Debug|Any CPU.ActiveCfg = Debug|Any CPU
		{B71775C4-14DC-4AB2-9C19-B9FBAD65AF1A}.Debug|Any CPU.Build.0 = Debug|Any CPU
		{B71775C4-14DC-4AB2-9C19-B9FBAD65AF1A}.Debug|x64.ActiveCfg = Debug|Any CPU
		{B71775C4-14DC-4AB2-9C19-B9FBAD65AF1A}.Debug|x64.Build.0 = Debug|Any CPU
		{B71775C4-14DC-4AB2-9C19-B9FBAD65AF1A}.Debug|x86.ActiveCfg = Debug|Any CPU
		{B71775C4-14DC-4AB2-9C19-B9FBAD65AF1A}.Debug|x86.Build.0 = Debug|Any CPU
		{B71775C4-14DC-4AB2-9C19-B9FBAD65AF1A}.Legacy|Any CPU.ActiveCfg = Release|Any CPU
		{B71775C4-14DC-4AB2-9C19-B9FBAD65AF1A}.Legacy|Any CPU.Build.0 = Release|Any CPU
		{B71775C4-14DC-4AB2-9C19-B9FBAD65AF1A}.Legacy|x64.ActiveCfg = Release|Any CPU
		{B71775C4-14DC-4AB2-9C19-B9FBAD65AF1A}.Legacy|x64.Build.0 = Release|Any CPU
		{B71775C4-14DC-4AB2-9C19-B9FBAD65AF1A}.Legacy|x86.ActiveCfg = Release|Any CPU
		{B71775C4-14DC-4AB2-9C19-B9FBAD65AF1A}.Legacy|x86.Build.0 = Release|Any CPU
		{B71775C4-14DC-4AB2-9C19-B9FBAD65AF1A}.Release|Any CPU.ActiveCfg = Release|Any CPU
		{B71775C4-14DC-4AB2-9C19-B9FBAD65AF1A}.Release|Any CPU.Build.0 = Release|Any CPU
		{B71775C4-14DC-4AB2-9C19-B9FBAD65AF1A}.Release|x64.ActiveCfg = Release|Any CPU
		{B71775C4-14DC-4AB2-9C19-B9FBAD65AF1A}.Release|x64.Build.0 = Release|Any CPU
		{B71775C4-14DC-4AB2-9C19-B9FBAD65AF1A}.Release|x86.ActiveCfg = Release|Any CPU
		{B71775C4-14DC-4AB2-9C19-B9FBAD65AF1A}.Release|x86.Build.0 = Release|Any CPU
		{B71775C4-14DC-4AB2-9C19-B9FBAD65AF1A}.v2018|Any CPU.ActiveCfg = Release|Any CPU
		{B71775C4-14DC-4AB2-9C19-B9FBAD65AF1A}.v2018|Any CPU.Build.0 = Release|Any CPU
		{B71775C4-14DC-4AB2-9C19-B9FBAD65AF1A}.v2018|x64.ActiveCfg = Release|Any CPU
		{B71775C4-14DC-4AB2-9C19-B9FBAD65AF1A}.v2018|x64.Build.0 = Release|Any CPU
		{B71775C4-14DC-4AB2-9C19-B9FBAD65AF1A}.v2018|x86.ActiveCfg = Release|Any CPU
		{B71775C4-14DC-4AB2-9C19-B9FBAD65AF1A}.v2018|x86.Build.0 = Release|Any CPU
		{7BB5BA5A-C50C-4BC4-AF04-18DDC501D232}.Debug|Any CPU.ActiveCfg = Debug|Win32
		{7BB5BA5A-C50C-4BC4-AF04-18DDC501D232}.Debug|x64.ActiveCfg = Debug|x64
		{7BB5BA5A-C50C-4BC4-AF04-18DDC501D232}.Debug|x64.Build.0 = Debug|x64
		{7BB5BA5A-C50C-4BC4-AF04-18DDC501D232}.Debug|x86.ActiveCfg = Debug|Win32
		{7BB5BA5A-C50C-4BC4-AF04-18DDC501D232}.Debug|x86.Build.0 = Debug|Win32
		{7BB5BA5A-C50C-4BC4-AF04-18DDC501D232}.Legacy|Any CPU.ActiveCfg = Release|x64
		{7BB5BA5A-C50C-4BC4-AF04-18DDC501D232}.Legacy|Any CPU.Build.0 = Release|x64
		{7BB5BA5A-C50C-4BC4-AF04-18DDC501D232}.Legacy|x64.ActiveCfg = Release|x64
		{7BB5BA5A-C50C-4BC4-AF04-18DDC501D232}.Legacy|x64.Build.0 = Release|x64
		{7BB5BA5A-C50C-4BC4-AF04-18DDC501D232}.Legacy|x86.ActiveCfg = Release|Win32
		{7BB5BA5A-C50C-4BC4-AF04-18DDC501D232}.Legacy|x86.Build.0 = Release|Win32
		{7BB5BA5A-C50C-4BC4-AF04-18DDC501D232}.Release|Any CPU.ActiveCfg = Release|Win32
		{7BB5BA5A-C50C-4BC4-AF04-18DDC501D232}.Release|x64.ActiveCfg = Release|x64
		{7BB5BA5A-C50C-4BC4-AF04-18DDC501D232}.Release|x64.Build.0 = Release|x64
		{7BB5BA5A-C50C-4BC4-AF04-18DDC501D232}.Release|x86.ActiveCfg = Release|Win32
		{7BB5BA5A-C50C-4BC4-AF04-18DDC501D232}.Release|x86.Build.0 = Release|Win32
		{7BB5BA5A-C50C-4BC4-AF04-18DDC501D232}.v2018|Any CPU.ActiveCfg = Release|x64
		{7BB5BA5A-C50C-4BC4-AF04-18DDC501D232}.v2018|Any CPU.Build.0 = Release|x64
		{7BB5BA5A-C50C-4BC4-AF04-18DDC501D232}.v2018|x64.ActiveCfg = Release|x64
		{7BB5BA5A-C50C-4BC4-AF04-18DDC501D232}.v2018|x64.Build.0 = Release|x64
		{7BB5BA5A-C50C-4BC4-AF04-18DDC501D232}.v2018|x86.ActiveCfg = Release|Win32
		{7BB5BA5A-C50C-4BC4-AF04-18DDC501D232}.v2018|x86.Build.0 = Release|Win32
	EndGlobalSection
	GlobalSection(SolutionProperties) = preSolution
		HideSolutionNode = FALSE
	EndGlobalSection
	GlobalSection(NestedProjects) = preSolution
		{4FFBA620-F5ED-47F9-B90C-DAD1316FD9B9} = {CEFC1819-160A-4AF1-90BD-2107023DEBB8}
		{DC89F18B-235B-4C01-AB31-AF40DCE5C4C7} = {A9071994-3533-4C1B-89DC-D817B676AB41}
		{6E6BC1E5-5BE8-4566-B3AE-52C4CB218AEB} = {A9071994-3533-4C1B-89DC-D817B676AB41}
		{BAC58F7E-AAD8-4D0C-9490-9765ACBBA6FB} = {CEFC1819-160A-4AF1-90BD-2107023DEBB8}
		{54161CFE-FF42-4DDE-B161-3A49545DB5CD} = {BAC58F7E-AAD8-4D0C-9490-9765ACBBA6FB}
		{A15D6EE6-F954-415B-8605-8A8470CC87DC} = {BAC58F7E-AAD8-4D0C-9490-9765ACBBA6FB}
		{A9071994-3533-4C1B-89DC-D817B676AB41} = {CEFC1819-160A-4AF1-90BD-2107023DEBB8}
		{F7ABBE07-C02F-4F7C-BF6E-C6656BF588CA} = {CEFC1819-160A-4AF1-90BD-2107023DEBB8}
		{B71775C4-14DC-4AB2-9C19-B9FBAD65AF1A} = {CEFC1819-160A-4AF1-90BD-2107023DEBB8}
	EndGlobalSection
	GlobalSection(ExtensibilityGlobals) = postSolution
		SolutionGuid = {E306F633-E03A-4362-88B3-916FCCFEDE3A}
	EndGlobalSection
EndGlobal
